// !$*UTF8*$!
{
	archiveVersion = 1;
	classes = {
	};
	objectVersion = 51;
	objects = {

/* Begin PBXBuildFile section */
		2E39C3B970B8E6A013421063 /* Pods_DiscoverPlacesTests.framework in Frameworks */ = {isa = PBXBuildFile; fileRef = C676B0D950FC109AB8002959 /* Pods_DiscoverPlacesTests.framework */; };
		AAEB4ED4D2CBA033B4653B8D /* Pods_DiscoverPlaces_DiscoverPlacesUITests.framework in Frameworks */ = {isa = PBXBuildFile; fileRef = A45BD1A0734859715269A27F /* Pods_DiscoverPlaces_DiscoverPlacesUITests.framework */; };
		C6538ED96D942F3B3B93E7DC /* Pods_DiscoverPlaces.framework in Frameworks */ = {isa = PBXBuildFile; fileRef = DBEB45643518974E8DC13C17 /* Pods_DiscoverPlaces.framework */; };
		CE15104423E21F4E00A88220 /* PlaceDetailController.swift in Sources */ = {isa = PBXBuildFile; fileRef = CE15104323E21F4E00A88220 /* PlaceDetailController.swift */; };
		CE15104723E23A0E00A88220 /* PlaceImageController.swift in Sources */ = {isa = PBXBuildFile; fileRef = CE15104623E23A0E00A88220 /* PlaceImageController.swift */; };
		CE319CDB23E0D8100088B9D1 /* DiscoverGroupHorizontalController.swift in Sources */ = {isa = PBXBuildFile; fileRef = CE319CDA23E0D8100088B9D1 /* DiscoverGroupHorizontalController.swift */; };
		CE319CDD23E0ECBD0088B9D1 /* UIElementsExtensions.swift in Sources */ = {isa = PBXBuildFile; fileRef = CE319CDC23E0ECBD0088B9D1 /* UIElementsExtensions.swift */; };
		CE319CDF23E0EE910088B9D1 /* DiscoverCardCell.swift in Sources */ = {isa = PBXBuildFile; fileRef = CE319CDE23E0EE910088B9D1 /* DiscoverCardCell.swift */; };
		CE319CE123E10A350088B9D1 /* NearbyHolder.swift in Sources */ = {isa = PBXBuildFile; fileRef = CE319CE023E10A350088B9D1 /* NearbyHolder.swift */; };
		CE319CE323E10A410088B9D1 /* NearbyHeaderCell.swift in Sources */ = {isa = PBXBuildFile; fileRef = CE319CE223E10A410088B9D1 /* NearbyHeaderCell.swift */; };
		CE319CE523E10BE30088B9D1 /* NearbyHorizontalController.swift in Sources */ = {isa = PBXBuildFile; fileRef = CE319CE423E10BE30088B9D1 /* NearbyHorizontalController.swift */; };
		CE319CE723E15E1E0088B9D1 /* Constants.swift in Sources */ = {isa = PBXBuildFile; fileRef = CE319CE623E15E1E0088B9D1 /* Constants.swift */; };
		CE4883FC23E23C4500DDE5A3 /* PlaceInfoController.swift in Sources */ = {isa = PBXBuildFile; fileRef = CE4883FB23E23C4500DDE5A3 /* PlaceInfoController.swift */; };
		CE58359923DE16B000C89622 /* AppDelegate.swift in Sources */ = {isa = PBXBuildFile; fileRef = CE58359823DE16B000C89622 /* AppDelegate.swift */; };
		CE58359B23DE16B000C89622 /* SceneDelegate.swift in Sources */ = {isa = PBXBuildFile; fileRef = CE58359A23DE16B000C89622 /* SceneDelegate.swift */; };
		CE58359D23DE16B000C89622 /* ViewController.swift in Sources */ = {isa = PBXBuildFile; fileRef = CE58359C23DE16B000C89622 /* ViewController.swift */; };
		CE5835A023DE16B000C89622 /* Main.storyboard in Resources */ = {isa = PBXBuildFile; fileRef = CE58359E23DE16B000C89622 /* Main.storyboard */; };
		CE5835A223DE16B600C89622 /* Assets.xcassets in Resources */ = {isa = PBXBuildFile; fileRef = CE5835A123DE16B600C89622 /* Assets.xcassets */; };
		CE5835A523DE16B600C89622 /* LaunchScreen.storyboard in Resources */ = {isa = PBXBuildFile; fileRef = CE5835A323DE16B600C89622 /* LaunchScreen.storyboard */; };
		CE5835B023DE16B600C89622 /* DiscoverPlacesTests.swift in Sources */ = {isa = PBXBuildFile; fileRef = CE5835AF23DE16B600C89622 /* DiscoverPlacesTests.swift */; };
		CE5835BB23DE16B700C89622 /* DiscoverPlacesUITests.swift in Sources */ = {isa = PBXBuildFile; fileRef = CE5835BA23DE16B700C89622 /* DiscoverPlacesUITests.swift */; };
		CE5835C923DE173800C89622 /* BaseTabBarController.swift in Sources */ = {isa = PBXBuildFile; fileRef = CE5835C823DE173800C89622 /* BaseTabBarController.swift */; };
		CE5835CC23DE1F5E00C89622 /* SearchController.swift in Sources */ = {isa = PBXBuildFile; fileRef = CE5835CB23DE1F5E00C89622 /* SearchController.swift */; };
		CE5835CE23DE204B00C89622 /* BaseCollectionViewController.swift in Sources */ = {isa = PBXBuildFile; fileRef = CE5835CD23DE204B00C89622 /* BaseCollectionViewController.swift */; };
		CE5835D123DE224C00C89622 /* UIView+Layout.swift in Sources */ = {isa = PBXBuildFile; fileRef = CE5835D023DE224C00C89622 /* UIView+Layout.swift */; };
		CE5835D423DEB7C500C89622 /* SearchCell.swift in Sources */ = {isa = PBXBuildFile; fileRef = CE5835D323DEB7C500C89622 /* SearchCell.swift */; };
		CE5835D823DF145900C89622 /* SearchResponse.swift in Sources */ = {isa = PBXBuildFile; fileRef = CE5835D723DF145900C89622 /* SearchResponse.swift */; };
		CE5835DB23DF1B7A00C89622 /* Service.swift in Sources */ = {isa = PBXBuildFile; fileRef = CE5835DA23DF1B7A00C89622 /* Service.swift */; };
		CE5835DD23DF62CE00C89622 /* UrlBuilder.swift in Sources */ = {isa = PBXBuildFile; fileRef = CE5835DC23DF62CE00C89622 /* UrlBuilder.swift */; };
		CE5835DF23E0C2C500C89622 /* DiscoverController.swift in Sources */ = {isa = PBXBuildFile; fileRef = CE5835DE23E0C2C500C89622 /* DiscoverController.swift */; };
		CE6599ED23EA68D100E531CD /* VerticalStackview.swift in Sources */ = {isa = PBXBuildFile; fileRef = CE6599EC23EA68D000E531CD /* VerticalStackview.swift */; };
		CE6599F023EA692500E531CD /* HomeController.swift in Sources */ = {isa = PBXBuildFile; fileRef = CE6599EF23EA692500E531CD /* HomeController.swift */; };
		CE6599F223EC96A200E531CD /* PlaceDetailsController.swift in Sources */ = {isa = PBXBuildFile; fileRef = CE6599F123EC96A200E531CD /* PlaceDetailsController.swift */; };
		CE6599FF23EF872900E531CD /* HomeLargeCellHolder.swift in Sources */ = {isa = PBXBuildFile; fileRef = CE6599FE23EF872900E531CD /* HomeLargeCellHolder.swift */; };
		CE659A0123EF874C00E531CD /* HomeLargeCellsHorizontalController.swift in Sources */ = {isa = PBXBuildFile; fileRef = CE659A0023EF874C00E531CD /* HomeLargeCellsHorizontalController.swift */; };
		CE659A0323EF876600E531CD /* HomeLargeCell.swift in Sources */ = {isa = PBXBuildFile; fileRef = CE659A0223EF876600E531CD /* HomeLargeCell.swift */; };
		CE659A0523EF87A200E531CD /* CategoriesHolder.swift in Sources */ = {isa = PBXBuildFile; fileRef = CE659A0423EF87A200E531CD /* CategoriesHolder.swift */; };
		CE659A0723EF87C100E531CD /* CategoriesHorizontalController.swift in Sources */ = {isa = PBXBuildFile; fileRef = CE659A0623EF87C100E531CD /* CategoriesHorizontalController.swift */; };
		CE659A0923EF87E800E531CD /* CategoryCell.swift in Sources */ = {isa = PBXBuildFile; fileRef = CE659A0823EF87E800E531CD /* CategoryCell.swift */; };
		CE659A0B23EF882300E531CD /* PlaceImagesHolder.swift in Sources */ = {isa = PBXBuildFile; fileRef = CE659A0A23EF882300E531CD /* PlaceImagesHolder.swift */; };
		CE659A0D23EF884700E531CD /* ImagesHorizontalController.swift in Sources */ = {isa = PBXBuildFile; fileRef = CE659A0C23EF884700E531CD /* ImagesHorizontalController.swift */; };
		CE659A0F23EF888900E531CD /* ImageCell.swift in Sources */ = {isa = PBXBuildFile; fileRef = CE659A0E23EF888900E531CD /* ImageCell.swift */; };
		CE659A1123EF897000E531CD /* PlaceDetailsCell.swift in Sources */ = {isa = PBXBuildFile; fileRef = CE659A1023EF897000E531CD /* PlaceDetailsCell.swift */; };
		CE6F17FD23F66E73003D8D89 /* PlaceAddressCell.swift in Sources */ = {isa = PBXBuildFile; fileRef = CE6F17FC23F66E72003D8D89 /* PlaceAddressCell.swift */; };
		CE734D3123E0CB3C005AE0EB /* DiscoverCardsHolder.swift in Sources */ = {isa = PBXBuildFile; fileRef = CE734D3023E0CB3C005AE0EB /* DiscoverCardsHolder.swift */; };
		CE7B98DF23E84DDD00CF90F6 /* SelectedCategoriesHolder.swift in Sources */ = {isa = PBXBuildFile; fileRef = CE7B98DE23E84DDD00CF90F6 /* SelectedCategoriesHolder.swift */; };
		CE7B98E123E84EAE00CF90F6 /* SelectedCategoresHorizontalController.swift in Sources */ = {isa = PBXBuildFile; fileRef = CE7B98E023E84EAD00CF90F6 /* SelectedCategoresHorizontalController.swift */; };
		CE8A2FC923F088B800CDF866 /* MorePlacesHolder.swift in Sources */ = {isa = PBXBuildFile; fileRef = CE8A2FC823F088B800CDF866 /* MorePlacesHolder.swift */; };
		CE8A2FCB23F088D200CDF866 /* MorePlacesHorizontalController.swift in Sources */ = {isa = PBXBuildFile; fileRef = CE8A2FCA23F088D200CDF866 /* MorePlacesHorizontalController.swift */; };
		CE8A2FCD23F0890100CDF866 /* MorePlacesCell.swift in Sources */ = {isa = PBXBuildFile; fileRef = CE8A2FCC23F0890100CDF866 /* MorePlacesCell.swift */; };
		CE8A2FCF23F08A0E00CDF866 /* DetailsTopSectionCell.swift in Sources */ = {isa = PBXBuildFile; fileRef = CE8A2FCE23F08A0E00CDF866 /* DetailsTopSectionCell.swift */; };
		CE8A2FD123F08A7C00CDF866 /* DetailsButtonsCell.swift in Sources */ = {isa = PBXBuildFile; fileRef = CE8A2FD023F08A7C00CDF866 /* DetailsButtonsCell.swift */; };
		CE8A2FD323F08AA900CDF866 /* DetailsOpeningTimesCell.swift in Sources */ = {isa = PBXBuildFile; fileRef = CE8A2FD223F08AA900CDF866 /* DetailsOpeningTimesCell.swift */; };
		CE8A2FD523F1CE0800CDF866 /* DetailsTopSectionCellXib.swift in Sources */ = {isa = PBXBuildFile; fileRef = CE8A2FD423F1CE0700CDF866 /* DetailsTopSectionCellXib.swift */; };
		CE8A2FD723F1CE3000CDF866 /* DetailsTopSectionCellXib.xib in Resources */ = {isa = PBXBuildFile; fileRef = CE8A2FD623F1CE3000CDF866 /* DetailsTopSectionCellXib.xib */; };
		CEEB4D5A23E84978006D79E6 /* HorizontalStackView.swift in Sources */ = {isa = PBXBuildFile; fileRef = CEEB4D5623E84977006D79E6 /* HorizontalStackView.swift */; };
		CEEB4D5B23E84978006D79E6 /* Spacing.swift in Sources */ = {isa = PBXBuildFile; fileRef = CEEB4D5723E84978006D79E6 /* Spacing.swift */; };
		CEEB4D5C23E84978006D79E6 /* HorizontalSnappingController.swift in Sources */ = {isa = PBXBuildFile; fileRef = CEEB4D5823E84978006D79E6 /* HorizontalSnappingController.swift */; };
/* End PBXBuildFile section */

/* Begin PBXContainerItemProxy section */
		CE5835AC23DE16B600C89622 /* PBXContainerItemProxy */ = {
			isa = PBXContainerItemProxy;
			containerPortal = CE58358D23DE16B000C89622 /* Project object */;
			proxyType = 1;
			remoteGlobalIDString = CE58359423DE16B000C89622;
			remoteInfo = DiscoverPlaces;
		};
		CE5835B723DE16B700C89622 /* PBXContainerItemProxy */ = {
			isa = PBXContainerItemProxy;
			containerPortal = CE58358D23DE16B000C89622 /* Project object */;
			proxyType = 1;
			remoteGlobalIDString = CE58359423DE16B000C89622;
			remoteInfo = DiscoverPlaces;
		};
/* End PBXContainerItemProxy section */

/* Begin PBXFileReference section */
		0A4AD2C848A97FBF278015A0 /* Pods-DiscoverPlaces-DiscoverPlacesUITests.debug.xcconfig */ = {isa = PBXFileReference; includeInIndex = 1; lastKnownFileType = text.xcconfig; name = "Pods-DiscoverPlaces-DiscoverPlacesUITests.debug.xcconfig"; path = "Target Support Files/Pods-DiscoverPlaces-DiscoverPlacesUITests/Pods-DiscoverPlaces-DiscoverPlacesUITests.debug.xcconfig"; sourceTree = "<group>"; };
		0B256CCFA21FBF14569D1FAD /* Pods-DiscoverPlaces.release.xcconfig */ = {isa = PBXFileReference; includeInIndex = 1; lastKnownFileType = text.xcconfig; name = "Pods-DiscoverPlaces.release.xcconfig"; path = "Target Support Files/Pods-DiscoverPlaces/Pods-DiscoverPlaces.release.xcconfig"; sourceTree = "<group>"; };
		8B6B6E0A619307781EE1292A /* Pods-DiscoverPlaces.debug.xcconfig */ = {isa = PBXFileReference; includeInIndex = 1; lastKnownFileType = text.xcconfig; name = "Pods-DiscoverPlaces.debug.xcconfig"; path = "Target Support Files/Pods-DiscoverPlaces/Pods-DiscoverPlaces.debug.xcconfig"; sourceTree = "<group>"; };
		A45BD1A0734859715269A27F /* Pods_DiscoverPlaces_DiscoverPlacesUITests.framework */ = {isa = PBXFileReference; explicitFileType = wrapper.framework; includeInIndex = 0; path = Pods_DiscoverPlaces_DiscoverPlacesUITests.framework; sourceTree = BUILT_PRODUCTS_DIR; };
		AECB8B9B789646550A651780 /* Pods-DiscoverPlaces-DiscoverPlacesUITests.release.xcconfig */ = {isa = PBXFileReference; includeInIndex = 1; lastKnownFileType = text.xcconfig; name = "Pods-DiscoverPlaces-DiscoverPlacesUITests.release.xcconfig"; path = "Target Support Files/Pods-DiscoverPlaces-DiscoverPlacesUITests/Pods-DiscoverPlaces-DiscoverPlacesUITests.release.xcconfig"; sourceTree = "<group>"; };
		C676B0D950FC109AB8002959 /* Pods_DiscoverPlacesTests.framework */ = {isa = PBXFileReference; explicitFileType = wrapper.framework; includeInIndex = 0; path = Pods_DiscoverPlacesTests.framework; sourceTree = BUILT_PRODUCTS_DIR; };
		CE15104323E21F4E00A88220 /* PlaceDetailController.swift */ = {isa = PBXFileReference; lastKnownFileType = sourcecode.swift; path = PlaceDetailController.swift; sourceTree = "<group>"; };
		CE15104623E23A0E00A88220 /* PlaceImageController.swift */ = {isa = PBXFileReference; lastKnownFileType = sourcecode.swift; path = PlaceImageController.swift; sourceTree = "<group>"; };
		CE319CDA23E0D8100088B9D1 /* DiscoverGroupHorizontalController.swift */ = {isa = PBXFileReference; fileEncoding = 4; lastKnownFileType = sourcecode.swift; path = DiscoverGroupHorizontalController.swift; sourceTree = "<group>"; };
		CE319CDC23E0ECBD0088B9D1 /* UIElementsExtensions.swift */ = {isa = PBXFileReference; lastKnownFileType = sourcecode.swift; path = UIElementsExtensions.swift; sourceTree = "<group>"; };
		CE319CDE23E0EE910088B9D1 /* DiscoverCardCell.swift */ = {isa = PBXFileReference; lastKnownFileType = sourcecode.swift; path = DiscoverCardCell.swift; sourceTree = "<group>"; };
		CE319CE023E10A350088B9D1 /* NearbyHolder.swift */ = {isa = PBXFileReference; lastKnownFileType = sourcecode.swift; path = NearbyHolder.swift; sourceTree = "<group>"; };
		CE319CE223E10A410088B9D1 /* NearbyHeaderCell.swift */ = {isa = PBXFileReference; lastKnownFileType = sourcecode.swift; path = NearbyHeaderCell.swift; sourceTree = "<group>"; };
		CE319CE423E10BE30088B9D1 /* NearbyHorizontalController.swift */ = {isa = PBXFileReference; lastKnownFileType = sourcecode.swift; path = NearbyHorizontalController.swift; sourceTree = "<group>"; };
		CE319CE623E15E1E0088B9D1 /* Constants.swift */ = {isa = PBXFileReference; lastKnownFileType = sourcecode.swift; path = Constants.swift; sourceTree = "<group>"; };
		CE4883FB23E23C4500DDE5A3 /* PlaceInfoController.swift */ = {isa = PBXFileReference; lastKnownFileType = sourcecode.swift; path = PlaceInfoController.swift; sourceTree = "<group>"; };
		CE58359523DE16B000C89622 /* DiscoverPlaces.app */ = {isa = PBXFileReference; explicitFileType = wrapper.application; includeInIndex = 0; path = DiscoverPlaces.app; sourceTree = BUILT_PRODUCTS_DIR; };
		CE58359823DE16B000C89622 /* AppDelegate.swift */ = {isa = PBXFileReference; lastKnownFileType = sourcecode.swift; path = AppDelegate.swift; sourceTree = "<group>"; };
		CE58359A23DE16B000C89622 /* SceneDelegate.swift */ = {isa = PBXFileReference; lastKnownFileType = sourcecode.swift; path = SceneDelegate.swift; sourceTree = "<group>"; };
		CE58359C23DE16B000C89622 /* ViewController.swift */ = {isa = PBXFileReference; lastKnownFileType = sourcecode.swift; path = ViewController.swift; sourceTree = "<group>"; };
		CE58359F23DE16B000C89622 /* Base */ = {isa = PBXFileReference; lastKnownFileType = file.storyboard; name = Base; path = Base.lproj/Main.storyboard; sourceTree = "<group>"; };
		CE5835A123DE16B600C89622 /* Assets.xcassets */ = {isa = PBXFileReference; lastKnownFileType = folder.assetcatalog; path = Assets.xcassets; sourceTree = "<group>"; };
		CE5835A423DE16B600C89622 /* Base */ = {isa = PBXFileReference; lastKnownFileType = file.storyboard; name = Base; path = Base.lproj/LaunchScreen.storyboard; sourceTree = "<group>"; };
		CE5835A623DE16B600C89622 /* Info.plist */ = {isa = PBXFileReference; lastKnownFileType = text.plist.xml; path = Info.plist; sourceTree = "<group>"; };
		CE5835AB23DE16B600C89622 /* DiscoverPlacesTests.xctest */ = {isa = PBXFileReference; explicitFileType = wrapper.cfbundle; includeInIndex = 0; path = DiscoverPlacesTests.xctest; sourceTree = BUILT_PRODUCTS_DIR; };
		CE5835AF23DE16B600C89622 /* DiscoverPlacesTests.swift */ = {isa = PBXFileReference; lastKnownFileType = sourcecode.swift; path = DiscoverPlacesTests.swift; sourceTree = "<group>"; };
		CE5835B123DE16B600C89622 /* Info.plist */ = {isa = PBXFileReference; lastKnownFileType = text.plist.xml; path = Info.plist; sourceTree = "<group>"; };
		CE5835B623DE16B700C89622 /* DiscoverPlacesUITests.xctest */ = {isa = PBXFileReference; explicitFileType = wrapper.cfbundle; includeInIndex = 0; path = DiscoverPlacesUITests.xctest; sourceTree = BUILT_PRODUCTS_DIR; };
		CE5835BA23DE16B700C89622 /* DiscoverPlacesUITests.swift */ = {isa = PBXFileReference; lastKnownFileType = sourcecode.swift; path = DiscoverPlacesUITests.swift; sourceTree = "<group>"; };
		CE5835BC23DE16B700C89622 /* Info.plist */ = {isa = PBXFileReference; lastKnownFileType = text.plist.xml; path = Info.plist; sourceTree = "<group>"; };
		CE5835C823DE173800C89622 /* BaseTabBarController.swift */ = {isa = PBXFileReference; lastKnownFileType = sourcecode.swift; path = BaseTabBarController.swift; sourceTree = "<group>"; };
		CE5835CB23DE1F5E00C89622 /* SearchController.swift */ = {isa = PBXFileReference; lastKnownFileType = sourcecode.swift; path = SearchController.swift; sourceTree = "<group>"; };
		CE5835CD23DE204B00C89622 /* BaseCollectionViewController.swift */ = {isa = PBXFileReference; lastKnownFileType = sourcecode.swift; path = BaseCollectionViewController.swift; sourceTree = "<group>"; };
		CE5835D023DE224C00C89622 /* UIView+Layout.swift */ = {isa = PBXFileReference; fileEncoding = 4; lastKnownFileType = sourcecode.swift; path = "UIView+Layout.swift"; sourceTree = "<group>"; };
		CE5835D323DEB7C500C89622 /* SearchCell.swift */ = {isa = PBXFileReference; lastKnownFileType = sourcecode.swift; path = SearchCell.swift; sourceTree = "<group>"; };
		CE5835D723DF145900C89622 /* SearchResponse.swift */ = {isa = PBXFileReference; lastKnownFileType = sourcecode.swift; path = SearchResponse.swift; sourceTree = "<group>"; };
		CE5835DA23DF1B7A00C89622 /* Service.swift */ = {isa = PBXFileReference; lastKnownFileType = sourcecode.swift; path = Service.swift; sourceTree = "<group>"; };
		CE5835DC23DF62CE00C89622 /* UrlBuilder.swift */ = {isa = PBXFileReference; lastKnownFileType = sourcecode.swift; path = UrlBuilder.swift; sourceTree = "<group>"; };
		CE5835DE23E0C2C500C89622 /* DiscoverController.swift */ = {isa = PBXFileReference; lastKnownFileType = sourcecode.swift; path = DiscoverController.swift; sourceTree = "<group>"; };
		CE6599EC23EA68D000E531CD /* VerticalStackview.swift */ = {isa = PBXFileReference; fileEncoding = 4; lastKnownFileType = sourcecode.swift; path = VerticalStackview.swift; sourceTree = "<group>"; };
		CE6599EF23EA692500E531CD /* HomeController.swift */ = {isa = PBXFileReference; fileEncoding = 4; lastKnownFileType = sourcecode.swift; path = HomeController.swift; sourceTree = "<group>"; };
		CE6599F123EC96A200E531CD /* PlaceDetailsController.swift */ = {isa = PBXFileReference; lastKnownFileType = sourcecode.swift; path = PlaceDetailsController.swift; sourceTree = "<group>"; };
		CE6599FE23EF872900E531CD /* HomeLargeCellHolder.swift */ = {isa = PBXFileReference; lastKnownFileType = sourcecode.swift; path = HomeLargeCellHolder.swift; sourceTree = "<group>"; };
		CE659A0023EF874C00E531CD /* HomeLargeCellsHorizontalController.swift */ = {isa = PBXFileReference; lastKnownFileType = sourcecode.swift; path = HomeLargeCellsHorizontalController.swift; sourceTree = "<group>"; };
		CE659A0223EF876600E531CD /* HomeLargeCell.swift */ = {isa = PBXFileReference; lastKnownFileType = sourcecode.swift; path = HomeLargeCell.swift; sourceTree = "<group>"; };
		CE659A0423EF87A200E531CD /* CategoriesHolder.swift */ = {isa = PBXFileReference; lastKnownFileType = sourcecode.swift; path = CategoriesHolder.swift; sourceTree = "<group>"; };
		CE659A0623EF87C100E531CD /* CategoriesHorizontalController.swift */ = {isa = PBXFileReference; lastKnownFileType = sourcecode.swift; path = CategoriesHorizontalController.swift; sourceTree = "<group>"; };
		CE659A0823EF87E800E531CD /* CategoryCell.swift */ = {isa = PBXFileReference; lastKnownFileType = sourcecode.swift; path = CategoryCell.swift; sourceTree = "<group>"; };
		CE659A0A23EF882300E531CD /* PlaceImagesHolder.swift */ = {isa = PBXFileReference; lastKnownFileType = sourcecode.swift; path = PlaceImagesHolder.swift; sourceTree = "<group>"; };
		CE659A0C23EF884700E531CD /* ImagesHorizontalController.swift */ = {isa = PBXFileReference; lastKnownFileType = sourcecode.swift; path = ImagesHorizontalController.swift; sourceTree = "<group>"; };
		CE659A0E23EF888900E531CD /* ImageCell.swift */ = {isa = PBXFileReference; lastKnownFileType = sourcecode.swift; path = ImageCell.swift; sourceTree = "<group>"; };
		CE659A1023EF897000E531CD /* PlaceDetailsCell.swift */ = {isa = PBXFileReference; lastKnownFileType = sourcecode.swift; path = PlaceDetailsCell.swift; sourceTree = "<group>"; };
		CE6F17FC23F66E72003D8D89 /* PlaceAddressCell.swift */ = {isa = PBXFileReference; lastKnownFileType = sourcecode.swift; path = PlaceAddressCell.swift; sourceTree = "<group>"; };
		CE734D3023E0CB3C005AE0EB /* DiscoverCardsHolder.swift */ = {isa = PBXFileReference; lastKnownFileType = sourcecode.swift; path = DiscoverCardsHolder.swift; sourceTree = "<group>"; };
		CE7B98DE23E84DDD00CF90F6 /* SelectedCategoriesHolder.swift */ = {isa = PBXFileReference; lastKnownFileType = sourcecode.swift; path = SelectedCategoriesHolder.swift; sourceTree = "<group>"; };
		CE7B98E023E84EAD00CF90F6 /* SelectedCategoresHorizontalController.swift */ = {isa = PBXFileReference; lastKnownFileType = sourcecode.swift; path = SelectedCategoresHorizontalController.swift; sourceTree = "<group>"; };
		CE8A2FC823F088B800CDF866 /* MorePlacesHolder.swift */ = {isa = PBXFileReference; lastKnownFileType = sourcecode.swift; path = MorePlacesHolder.swift; sourceTree = "<group>"; };
		CE8A2FCA23F088D200CDF866 /* MorePlacesHorizontalController.swift */ = {isa = PBXFileReference; lastKnownFileType = sourcecode.swift; path = MorePlacesHorizontalController.swift; sourceTree = "<group>"; };
		CE8A2FCC23F0890100CDF866 /* MorePlacesCell.swift */ = {isa = PBXFileReference; lastKnownFileType = sourcecode.swift; path = MorePlacesCell.swift; sourceTree = "<group>"; };
		CE8A2FCE23F08A0E00CDF866 /* DetailsTopSectionCell.swift */ = {isa = PBXFileReference; lastKnownFileType = sourcecode.swift; path = DetailsTopSectionCell.swift; sourceTree = "<group>"; };
		CE8A2FD023F08A7C00CDF866 /* DetailsButtonsCell.swift */ = {isa = PBXFileReference; lastKnownFileType = sourcecode.swift; path = DetailsButtonsCell.swift; sourceTree = "<group>"; };
		CE8A2FD223F08AA900CDF866 /* DetailsOpeningTimesCell.swift */ = {isa = PBXFileReference; lastKnownFileType = sourcecode.swift; path = DetailsOpeningTimesCell.swift; sourceTree = "<group>"; };
		CE8A2FD423F1CE0700CDF866 /* DetailsTopSectionCellXib.swift */ = {isa = PBXFileReference; lastKnownFileType = sourcecode.swift; path = DetailsTopSectionCellXib.swift; sourceTree = "<group>"; };
		CE8A2FD623F1CE3000CDF866 /* DetailsTopSectionCellXib.xib */ = {isa = PBXFileReference; lastKnownFileType = file.xib; path = DetailsTopSectionCellXib.xib; sourceTree = "<group>"; };
		CEEB4D5623E84977006D79E6 /* HorizontalStackView.swift */ = {isa = PBXFileReference; fileEncoding = 4; lastKnownFileType = sourcecode.swift; path = HorizontalStackView.swift; sourceTree = "<group>"; };
		CEEB4D5723E84978006D79E6 /* Spacing.swift */ = {isa = PBXFileReference; fileEncoding = 4; lastKnownFileType = sourcecode.swift; path = Spacing.swift; sourceTree = "<group>"; };
		CEEB4D5823E84978006D79E6 /* HorizontalSnappingController.swift */ = {isa = PBXFileReference; fileEncoding = 4; lastKnownFileType = sourcecode.swift; path = HorizontalSnappingController.swift; sourceTree = "<group>"; };
		DBEB45643518974E8DC13C17 /* Pods_DiscoverPlaces.framework */ = {isa = PBXFileReference; explicitFileType = wrapper.framework; includeInIndex = 0; path = Pods_DiscoverPlaces.framework; sourceTree = BUILT_PRODUCTS_DIR; };
		E91D16AD38E8F14B874FD126 /* Pods-DiscoverPlacesTests.debug.xcconfig */ = {isa = PBXFileReference; includeInIndex = 1; lastKnownFileType = text.xcconfig; name = "Pods-DiscoverPlacesTests.debug.xcconfig"; path = "Target Support Files/Pods-DiscoverPlacesTests/Pods-DiscoverPlacesTests.debug.xcconfig"; sourceTree = "<group>"; };
		EFEF8AED997C27748E07F24F /* Pods-DiscoverPlacesTests.release.xcconfig */ = {isa = PBXFileReference; includeInIndex = 1; lastKnownFileType = text.xcconfig; name = "Pods-DiscoverPlacesTests.release.xcconfig"; path = "Target Support Files/Pods-DiscoverPlacesTests/Pods-DiscoverPlacesTests.release.xcconfig"; sourceTree = "<group>"; };
/* End PBXFileReference section */

/* Begin PBXFrameworksBuildPhase section */
		CE58359223DE16B000C89622 /* Frameworks */ = {
			isa = PBXFrameworksBuildPhase;
			buildActionMask = 2147483647;
			files = (
				C6538ED96D942F3B3B93E7DC /* Pods_DiscoverPlaces.framework in Frameworks */,
			);
			runOnlyForDeploymentPostprocessing = 0;
		};
		CE5835A823DE16B600C89622 /* Frameworks */ = {
			isa = PBXFrameworksBuildPhase;
			buildActionMask = 2147483647;
			files = (
				2E39C3B970B8E6A013421063 /* Pods_DiscoverPlacesTests.framework in Frameworks */,
			);
			runOnlyForDeploymentPostprocessing = 0;
		};
		CE5835B323DE16B700C89622 /* Frameworks */ = {
			isa = PBXFrameworksBuildPhase;
			buildActionMask = 2147483647;
			files = (
				AAEB4ED4D2CBA033B4653B8D /* Pods_DiscoverPlaces_DiscoverPlacesUITests.framework in Frameworks */,
			);
			runOnlyForDeploymentPostprocessing = 0;
		};
/* End PBXFrameworksBuildPhase section */

/* Begin PBXGroup section */
		B679E0B62B27B60151B77579 /* Frameworks */ = {
			isa = PBXGroup;
			children = (
				DBEB45643518974E8DC13C17 /* Pods_DiscoverPlaces.framework */,
				A45BD1A0734859715269A27F /* Pods_DiscoverPlaces_DiscoverPlacesUITests.framework */,
				C676B0D950FC109AB8002959 /* Pods_DiscoverPlacesTests.framework */,
			);
			name = Frameworks;
			sourceTree = "<group>";
		};
		CE05D908E5C3E57AABDFC059 /* Pods */ = {
			isa = PBXGroup;
			children = (
				8B6B6E0A619307781EE1292A /* Pods-DiscoverPlaces.debug.xcconfig */,
				0B256CCFA21FBF14569D1FAD /* Pods-DiscoverPlaces.release.xcconfig */,
				0A4AD2C848A97FBF278015A0 /* Pods-DiscoverPlaces-DiscoverPlacesUITests.debug.xcconfig */,
				AECB8B9B789646550A651780 /* Pods-DiscoverPlaces-DiscoverPlacesUITests.release.xcconfig */,
				E91D16AD38E8F14B874FD126 /* Pods-DiscoverPlacesTests.debug.xcconfig */,
				EFEF8AED997C27748E07F24F /* Pods-DiscoverPlacesTests.release.xcconfig */,
			);
			path = Pods;
			sourceTree = "<group>";
		};
		CE15104523E239E300A88220 /* PlaceDetail */ = {
			isa = PBXGroup;
			children = (
				CE15104323E21F4E00A88220 /* PlaceDetailController.swift */,
				CE15104623E23A0E00A88220 /* PlaceImageController.swift */,
				CE4883FB23E23C4500DDE5A3 /* PlaceInfoController.swift */,
			);
			path = PlaceDetail;
			sourceTree = "<group>";
		};
		CE58358C23DE16B000C89622 = {
			isa = PBXGroup;
			children = (
				CE58359723DE16B000C89622 /* DiscoverPlaces */,
				CE5835AE23DE16B600C89622 /* DiscoverPlacesTests */,
				CE5835B923DE16B700C89622 /* DiscoverPlacesUITests */,
				CE58359623DE16B000C89622 /* Products */,
				CE05D908E5C3E57AABDFC059 /* Pods */,
				B679E0B62B27B60151B77579 /* Frameworks */,
			);
			sourceTree = "<group>";
		};
		CE58359623DE16B000C89622 /* Products */ = {
			isa = PBXGroup;
			children = (
				CE58359523DE16B000C89622 /* DiscoverPlaces.app */,
				CE5835AB23DE16B600C89622 /* DiscoverPlacesTests.xctest */,
				CE5835B623DE16B700C89622 /* DiscoverPlacesUITests.xctest */,
			);
			name = Products;
			sourceTree = "<group>";
		};
		CE58359723DE16B000C89622 /* DiscoverPlaces */ = {
			isa = PBXGroup;
			children = (
				CE5835C823DE173800C89622 /* BaseTabBarController.swift */,
				CE6599EE23EA692500E531CD /* NewLayout */,
				CE5835D923DF1B6900C89622 /* Service */,
				CE5835CA23DE17E200C89622 /* Controllers */,
				CE5835D223DEB7B900C89622 /* Views */,
				CE5835D623DF143700C89622 /* Models */,
				CE5835CF23DE223800C89622 /* Helpers */,
				CE58359823DE16B000C89622 /* AppDelegate.swift */,
				CE58359A23DE16B000C89622 /* SceneDelegate.swift */,
				CE58359C23DE16B000C89622 /* ViewController.swift */,
				CE58359E23DE16B000C89622 /* Main.storyboard */,
				CE5835A123DE16B600C89622 /* Assets.xcassets */,
				CE5835A323DE16B600C89622 /* LaunchScreen.storyboard */,
				CE5835A623DE16B600C89622 /* Info.plist */,
			);
			path = DiscoverPlaces;
			sourceTree = "<group>";
		};
		CE5835AE23DE16B600C89622 /* DiscoverPlacesTests */ = {
			isa = PBXGroup;
			children = (
				CE5835AF23DE16B600C89622 /* DiscoverPlacesTests.swift */,
				CE5835B123DE16B600C89622 /* Info.plist */,
			);
			path = DiscoverPlacesTests;
			sourceTree = "<group>";
		};
		CE5835B923DE16B700C89622 /* DiscoverPlacesUITests */ = {
			isa = PBXGroup;
			children = (
				CE5835BA23DE16B700C89622 /* DiscoverPlacesUITests.swift */,
				CE5835BC23DE16B700C89622 /* Info.plist */,
			);
			path = DiscoverPlacesUITests;
			sourceTree = "<group>";
		};
		CE5835CA23DE17E200C89622 /* Controllers */ = {
			isa = PBXGroup;
			children = (
				CE5835CD23DE204B00C89622 /* BaseCollectionViewController.swift */,
				CE734D2C23E0CAE6005AE0EB /* Discover */,
				CE734D2B23E0CADE005AE0EB /* Search */,
				CE15104523E239E300A88220 /* PlaceDetail */,
			);
			path = Controllers;
			sourceTree = "<group>";
		};
		CE5835CF23DE223800C89622 /* Helpers */ = {
			isa = PBXGroup;
			children = (
				CE6599EC23EA68D000E531CD /* VerticalStackview.swift */,
				CEEB4D5823E84978006D79E6 /* HorizontalSnappingController.swift */,
				CEEB4D5623E84977006D79E6 /* HorizontalStackView.swift */,
				CEEB4D5723E84978006D79E6 /* Spacing.swift */,
				CE5835D023DE224C00C89622 /* UIView+Layout.swift */,
				CE319CDC23E0ECBD0088B9D1 /* UIElementsExtensions.swift */,
				CE5835DC23DF62CE00C89622 /* UrlBuilder.swift */,
				CE319CE623E15E1E0088B9D1 /* Constants.swift */,
			);
			path = Helpers;
			sourceTree = "<group>";
		};
		CE5835D223DEB7B900C89622 /* Views */ = {
			isa = PBXGroup;
			children = (
				CE734D2F23E0CB2E005AE0EB /* Discover */,
				CE734D3223E0CB49005AE0EB /* Search */,
			);
			path = Views;
			sourceTree = "<group>";
		};
		CE5835D623DF143700C89622 /* Models */ = {
			isa = PBXGroup;
			children = (
				CE5835D723DF145900C89622 /* SearchResponse.swift */,
			);
			path = Models;
			sourceTree = "<group>";
		};
		CE5835D923DF1B6900C89622 /* Service */ = {
			isa = PBXGroup;
			children = (
				CE5835DA23DF1B7A00C89622 /* Service.swift */,
			);
			path = Service;
			sourceTree = "<group>";
		};
		CE6599EE23EA692500E531CD /* NewLayout */ = {
			isa = PBXGroup;
			children = (
				CE6599F723EF847F00E531CD /* Controllers */,
				CE6599F923EF849000E531CD /* Views */,
				CE6599F823EF848A00E531CD /* Models */,
			);
			path = NewLayout;
			sourceTree = "<group>";
		};
		CE6599F723EF847F00E531CD /* Controllers */ = {
			isa = PBXGroup;
			children = (
				CE6599FA23EF867100E531CD /* Home */,
				CE6599FD23EF869200E531CD /* Detail */,
			);
			path = Controllers;
			sourceTree = "<group>";
		};
		CE6599F823EF848A00E531CD /* Models */ = {
			isa = PBXGroup;
			children = (
			);
			path = Models;
			sourceTree = "<group>";
		};
		CE6599F923EF849000E531CD /* Views */ = {
			isa = PBXGroup;
			children = (
				CE6599FB23EF867A00E531CD /* Home */,
				CE6599FC23EF868000E531CD /* Detail */,
			);
			path = Views;
			sourceTree = "<group>";
		};
		CE6599FA23EF867100E531CD /* Home */ = {
			isa = PBXGroup;
			children = (
				CE6599EF23EA692500E531CD /* HomeController.swift */,
				CE659A0023EF874C00E531CD /* HomeLargeCellsHorizontalController.swift */,
				CE659A0623EF87C100E531CD /* CategoriesHorizontalController.swift */,
			);
			path = Home;
			sourceTree = "<group>";
		};
		CE6599FB23EF867A00E531CD /* Home */ = {
			isa = PBXGroup;
			children = (
				CE659A0223EF876600E531CD /* HomeLargeCell.swift */,
				CE6599FE23EF872900E531CD /* HomeLargeCellHolder.swift */,
				CE659A0423EF87A200E531CD /* CategoriesHolder.swift */,
				CE659A0823EF87E800E531CD /* CategoryCell.swift */,
			);
			path = Home;
			sourceTree = "<group>";
		};
		CE6599FC23EF868000E531CD /* Detail */ = {
			isa = PBXGroup;
			children = (
				CE659A0A23EF882300E531CD /* PlaceImagesHolder.swift */,
				CE659A0E23EF888900E531CD /* ImageCell.swift */,
				CE6F17FC23F66E72003D8D89 /* PlaceAddressCell.swift */,
				CE8A2FC823F088B800CDF866 /* MorePlacesHolder.swift */,
				CE8A2FCC23F0890100CDF866 /* MorePlacesCell.swift */,
				CE6F17FE23F66ED0003D8D89 /* ProbablyEndUpDeleting */,
			);
			path = Detail;
			sourceTree = "<group>";
		};
		CE6599FD23EF869200E531CD /* Detail */ = {
			isa = PBXGroup;
			children = (
				CE6599F123EC96A200E531CD /* PlaceDetailsController.swift */,
				CE659A0C23EF884700E531CD /* ImagesHorizontalController.swift */,
				CE8A2FCA23F088D200CDF866 /* MorePlacesHorizontalController.swift */,
			);
			path = Detail;
			sourceTree = "<group>";
		};
		CE6F17FE23F66ED0003D8D89 /* ProbablyEndUpDeleting */ = {
			isa = PBXGroup;
			children = (
				CE659A1023EF897000E531CD /* PlaceDetailsCell.swift */,
				CE8A2FCE23F08A0E00CDF866 /* DetailsTopSectionCell.swift */,
				CE8A2FD423F1CE0700CDF866 /* DetailsTopSectionCellXib.swift */,
				CE8A2FD623F1CE3000CDF866 /* DetailsTopSectionCellXib.xib */,
				CE8A2FD023F08A7C00CDF866 /* DetailsButtonsCell.swift */,
				CE8A2FD223F08AA900CDF866 /* DetailsOpeningTimesCell.swift */,
			);
			path = ProbablyEndUpDeleting;
			sourceTree = "<group>";
		};
		CE734D2B23E0CADE005AE0EB /* Search */ = {
			isa = PBXGroup;
			children = (
				CE5835CB23DE1F5E00C89622 /* SearchController.swift */,
			);
			path = Search;
			sourceTree = "<group>";
		};
		CE734D2C23E0CAE6005AE0EB /* Discover */ = {
			isa = PBXGroup;
			children = (
				CE5835DE23E0C2C500C89622 /* DiscoverController.swift */,
				CE7B98E023E84EAD00CF90F6 /* SelectedCategoresHorizontalController.swift */,
				CE319CE423E10BE30088B9D1 /* NearbyHorizontalController.swift */,
				CE319CDA23E0D8100088B9D1 /* DiscoverGroupHorizontalController.swift */,
			);
			path = Discover;
			sourceTree = "<group>";
		};
		CE734D2F23E0CB2E005AE0EB /* Discover */ = {
			isa = PBXGroup;
			children = (
				CEEB4D5D23E84BB0006D79E6 /* SelectedCategories */,
				CEEB4D5E23E84BC1006D79E6 /* Nearby */,
				CEEB4D5F23E84BC7006D79E6 /* DiscoverGroups */,
			);
			path = Discover;
			sourceTree = "<group>";
		};
		CE734D3223E0CB49005AE0EB /* Search */ = {
			isa = PBXGroup;
			children = (
				CE5835D323DEB7C500C89622 /* SearchCell.swift */,
			);
			path = Search;
			sourceTree = "<group>";
		};
		CEEB4D5D23E84BB0006D79E6 /* SelectedCategories */ = {
			isa = PBXGroup;
			children = (
				CE7B98DE23E84DDD00CF90F6 /* SelectedCategoriesHolder.swift */,
			);
			path = SelectedCategories;
			sourceTree = "<group>";
		};
		CEEB4D5E23E84BC1006D79E6 /* Nearby */ = {
			isa = PBXGroup;
			children = (
				CE319CE023E10A350088B9D1 /* NearbyHolder.swift */,
				CE319CE223E10A410088B9D1 /* NearbyHeaderCell.swift */,
			);
			path = Nearby;
			sourceTree = "<group>";
		};
		CEEB4D5F23E84BC7006D79E6 /* DiscoverGroups */ = {
			isa = PBXGroup;
			children = (
				CE734D3023E0CB3C005AE0EB /* DiscoverCardsHolder.swift */,
				CE319CDE23E0EE910088B9D1 /* DiscoverCardCell.swift */,
			);
			path = DiscoverGroups;
			sourceTree = "<group>";
		};
/* End PBXGroup section */

/* Begin PBXNativeTarget section */
		CE58359423DE16B000C89622 /* DiscoverPlaces */ = {
			isa = PBXNativeTarget;
			buildConfigurationList = CE5835BF23DE16B700C89622 /* Build configuration list for PBXNativeTarget "DiscoverPlaces" */;
			buildPhases = (
				B1D9857ABF774210979EE327 /* [CP] Check Pods Manifest.lock */,
				CE58359123DE16B000C89622 /* Sources */,
				CE58359223DE16B000C89622 /* Frameworks */,
				CE58359323DE16B000C89622 /* Resources */,
				F86B2FC4350A4BA4777C2F9F /* [CP] Embed Pods Frameworks */,
				7E93DEF679C392FBBFF39BD6 /* [CP] Copy Pods Resources */,
			);
			buildRules = (
			);
			dependencies = (
			);
			name = DiscoverPlaces;
			productName = DiscoverPlaces;
			productReference = CE58359523DE16B000C89622 /* DiscoverPlaces.app */;
			productType = "com.apple.product-type.application";
		};
		CE5835AA23DE16B600C89622 /* DiscoverPlacesTests */ = {
			isa = PBXNativeTarget;
			buildConfigurationList = CE5835C223DE16B700C89622 /* Build configuration list for PBXNativeTarget "DiscoverPlacesTests" */;
			buildPhases = (
				4746CC346946E2F789E042FA /* [CP] Check Pods Manifest.lock */,
				CE5835A723DE16B600C89622 /* Sources */,
				CE5835A823DE16B600C89622 /* Frameworks */,
				CE5835A923DE16B600C89622 /* Resources */,
			);
			buildRules = (
			);
			dependencies = (
				CE5835AD23DE16B600C89622 /* PBXTargetDependency */,
			);
			name = DiscoverPlacesTests;
			productName = DiscoverPlacesTests;
			productReference = CE5835AB23DE16B600C89622 /* DiscoverPlacesTests.xctest */;
			productType = "com.apple.product-type.bundle.unit-test";
		};
		CE5835B523DE16B700C89622 /* DiscoverPlacesUITests */ = {
			isa = PBXNativeTarget;
			buildConfigurationList = CE5835C523DE16B700C89622 /* Build configuration list for PBXNativeTarget "DiscoverPlacesUITests" */;
			buildPhases = (
				5CDC61F03988EBC6C8617712 /* [CP] Check Pods Manifest.lock */,
				CE5835B223DE16B700C89622 /* Sources */,
				CE5835B323DE16B700C89622 /* Frameworks */,
				CE5835B423DE16B700C89622 /* Resources */,
				146B8E401132210647CF9B21 /* [CP] Embed Pods Frameworks */,
				E16683F89DE9E31D0ACBC408 /* [CP] Copy Pods Resources */,
			);
			buildRules = (
			);
			dependencies = (
				CE5835B823DE16B700C89622 /* PBXTargetDependency */,
			);
			name = DiscoverPlacesUITests;
			productName = DiscoverPlacesUITests;
			productReference = CE5835B623DE16B700C89622 /* DiscoverPlacesUITests.xctest */;
			productType = "com.apple.product-type.bundle.ui-testing";
		};
/* End PBXNativeTarget section */

/* Begin PBXProject section */
		CE58358D23DE16B000C89622 /* Project object */ = {
			isa = PBXProject;
			attributes = {
				LastSwiftUpdateCheck = 1130;
				LastUpgradeCheck = 1130;
				ORGANIZATIONNAME = AHApps;
				TargetAttributes = {
					CE58359423DE16B000C89622 = {
						CreatedOnToolsVersion = 11.3;
					};
					CE5835AA23DE16B600C89622 = {
						CreatedOnToolsVersion = 11.3;
						TestTargetID = CE58359423DE16B000C89622;
					};
					CE5835B523DE16B700C89622 = {
						CreatedOnToolsVersion = 11.3;
						TestTargetID = CE58359423DE16B000C89622;
					};
				};
			};
			buildConfigurationList = CE58359023DE16B000C89622 /* Build configuration list for PBXProject "DiscoverPlaces" */;
			compatibilityVersion = "Xcode 9.3";
			developmentRegion = en;
			hasScannedForEncodings = 0;
			knownRegions = (
				en,
				Base,
			);
			mainGroup = CE58358C23DE16B000C89622;
			productRefGroup = CE58359623DE16B000C89622 /* Products */;
			projectDirPath = "";
			projectRoot = "";
			targets = (
				CE58359423DE16B000C89622 /* DiscoverPlaces */,
				CE5835AA23DE16B600C89622 /* DiscoverPlacesTests */,
				CE5835B523DE16B700C89622 /* DiscoverPlacesUITests */,
			);
		};
/* End PBXProject section */

/* Begin PBXResourcesBuildPhase section */
		CE58359323DE16B000C89622 /* Resources */ = {
			isa = PBXResourcesBuildPhase;
			buildActionMask = 2147483647;
			files = (
				CE8A2FD723F1CE3000CDF866 /* DetailsTopSectionCellXib.xib in Resources */,
				CE5835A523DE16B600C89622 /* LaunchScreen.storyboard in Resources */,
				CE5835A223DE16B600C89622 /* Assets.xcassets in Resources */,
				CE5835A023DE16B000C89622 /* Main.storyboard in Resources */,
			);
			runOnlyForDeploymentPostprocessing = 0;
		};
		CE5835A923DE16B600C89622 /* Resources */ = {
			isa = PBXResourcesBuildPhase;
			buildActionMask = 2147483647;
			files = (
			);
			runOnlyForDeploymentPostprocessing = 0;
		};
		CE5835B423DE16B700C89622 /* Resources */ = {
			isa = PBXResourcesBuildPhase;
			buildActionMask = 2147483647;
			files = (
			);
			runOnlyForDeploymentPostprocessing = 0;
		};
/* End PBXResourcesBuildPhase section */

/* Begin PBXShellScriptBuildPhase section */
		146B8E401132210647CF9B21 /* [CP] Embed Pods Frameworks */ = {
			isa = PBXShellScriptBuildPhase;
			buildActionMask = 2147483647;
			files = (
			);
			inputFileListPaths = (
				"${PODS_ROOT}/Target Support Files/Pods-DiscoverPlaces-DiscoverPlacesUITests/Pods-DiscoverPlaces-DiscoverPlacesUITests-frameworks-${CONFIGURATION}-input-files.xcfilelist",
			);
			name = "[CP] Embed Pods Frameworks";
			outputFileListPaths = (
				"${PODS_ROOT}/Target Support Files/Pods-DiscoverPlaces-DiscoverPlacesUITests/Pods-DiscoverPlaces-DiscoverPlacesUITests-frameworks-${CONFIGURATION}-output-files.xcfilelist",
			);
			runOnlyForDeploymentPostprocessing = 0;
			shellPath = /bin/sh;
			shellScript = "\"${PODS_ROOT}/Target Support Files/Pods-DiscoverPlaces-DiscoverPlacesUITests/Pods-DiscoverPlaces-DiscoverPlacesUITests-frameworks.sh\"\n";
			showEnvVarsInLog = 0;
		};
		4746CC346946E2F789E042FA /* [CP] Check Pods Manifest.lock */ = {
			isa = PBXShellScriptBuildPhase;
			buildActionMask = 2147483647;
			files = (
			);
			inputFileListPaths = (
			);
			inputPaths = (
				"${PODS_PODFILE_DIR_PATH}/Podfile.lock",
				"${PODS_ROOT}/Manifest.lock",
			);
			name = "[CP] Check Pods Manifest.lock";
			outputFileListPaths = (
			);
			outputPaths = (
				"$(DERIVED_FILE_DIR)/Pods-DiscoverPlacesTests-checkManifestLockResult.txt",
			);
			runOnlyForDeploymentPostprocessing = 0;
			shellPath = /bin/sh;
			shellScript = "diff \"${PODS_PODFILE_DIR_PATH}/Podfile.lock\" \"${PODS_ROOT}/Manifest.lock\" > /dev/null\nif [ $? != 0 ] ; then\n    # print error to STDERR\n    echo \"error: The sandbox is not in sync with the Podfile.lock. Run 'pod install' or update your CocoaPods installation.\" >&2\n    exit 1\nfi\n# This output is used by Xcode 'outputs' to avoid re-running this script phase.\necho \"SUCCESS\" > \"${SCRIPT_OUTPUT_FILE_0}\"\n";
			showEnvVarsInLog = 0;
		};
		5CDC61F03988EBC6C8617712 /* [CP] Check Pods Manifest.lock */ = {
			isa = PBXShellScriptBuildPhase;
			buildActionMask = 2147483647;
			files = (
			);
			inputFileListPaths = (
			);
			inputPaths = (
				"${PODS_PODFILE_DIR_PATH}/Podfile.lock",
				"${PODS_ROOT}/Manifest.lock",
			);
			name = "[CP] Check Pods Manifest.lock";
			outputFileListPaths = (
			);
			outputPaths = (
				"$(DERIVED_FILE_DIR)/Pods-DiscoverPlaces-DiscoverPlacesUITests-checkManifestLockResult.txt",
			);
			runOnlyForDeploymentPostprocessing = 0;
			shellPath = /bin/sh;
			shellScript = "diff \"${PODS_PODFILE_DIR_PATH}/Podfile.lock\" \"${PODS_ROOT}/Manifest.lock\" > /dev/null\nif [ $? != 0 ] ; then\n    # print error to STDERR\n    echo \"error: The sandbox is not in sync with the Podfile.lock. Run 'pod install' or update your CocoaPods installation.\" >&2\n    exit 1\nfi\n# This output is used by Xcode 'outputs' to avoid re-running this script phase.\necho \"SUCCESS\" > \"${SCRIPT_OUTPUT_FILE_0}\"\n";
			showEnvVarsInLog = 0;
		};
		7E93DEF679C392FBBFF39BD6 /* [CP] Copy Pods Resources */ = {
			isa = PBXShellScriptBuildPhase;
			buildActionMask = 2147483647;
			files = (
			);
			inputFileListPaths = (
				"${PODS_ROOT}/Target Support Files/Pods-DiscoverPlaces/Pods-DiscoverPlaces-resources-${CONFIGURATION}-input-files.xcfilelist",
			);
			name = "[CP] Copy Pods Resources";
			outputFileListPaths = (
				"${PODS_ROOT}/Target Support Files/Pods-DiscoverPlaces/Pods-DiscoverPlaces-resources-${CONFIGURATION}-output-files.xcfilelist",
			);
			runOnlyForDeploymentPostprocessing = 0;
			shellPath = /bin/sh;
			shellScript = "\"${PODS_ROOT}/Target Support Files/Pods-DiscoverPlaces/Pods-DiscoverPlaces-resources.sh\"\n";
			showEnvVarsInLog = 0;
		};
		B1D9857ABF774210979EE327 /* [CP] Check Pods Manifest.lock */ = {
			isa = PBXShellScriptBuildPhase;
			buildActionMask = 2147483647;
			files = (
			);
			inputFileListPaths = (
			);
			inputPaths = (
				"${PODS_PODFILE_DIR_PATH}/Podfile.lock",
				"${PODS_ROOT}/Manifest.lock",
			);
			name = "[CP] Check Pods Manifest.lock";
			outputFileListPaths = (
			);
			outputPaths = (
				"$(DERIVED_FILE_DIR)/Pods-DiscoverPlaces-checkManifestLockResult.txt",
			);
			runOnlyForDeploymentPostprocessing = 0;
			shellPath = /bin/sh;
			shellScript = "diff \"${PODS_PODFILE_DIR_PATH}/Podfile.lock\" \"${PODS_ROOT}/Manifest.lock\" > /dev/null\nif [ $? != 0 ] ; then\n    # print error to STDERR\n    echo \"error: The sandbox is not in sync with the Podfile.lock. Run 'pod install' or update your CocoaPods installation.\" >&2\n    exit 1\nfi\n# This output is used by Xcode 'outputs' to avoid re-running this script phase.\necho \"SUCCESS\" > \"${SCRIPT_OUTPUT_FILE_0}\"\n";
			showEnvVarsInLog = 0;
		};
		E16683F89DE9E31D0ACBC408 /* [CP] Copy Pods Resources */ = {
			isa = PBXShellScriptBuildPhase;
			buildActionMask = 2147483647;
			files = (
			);
			inputFileListPaths = (
				"${PODS_ROOT}/Target Support Files/Pods-DiscoverPlaces-DiscoverPlacesUITests/Pods-DiscoverPlaces-DiscoverPlacesUITests-resources-${CONFIGURATION}-input-files.xcfilelist",
			);
			name = "[CP] Copy Pods Resources";
			outputFileListPaths = (
				"${PODS_ROOT}/Target Support Files/Pods-DiscoverPlaces-DiscoverPlacesUITests/Pods-DiscoverPlaces-DiscoverPlacesUITests-resources-${CONFIGURATION}-output-files.xcfilelist",
			);
			runOnlyForDeploymentPostprocessing = 0;
			shellPath = /bin/sh;
			shellScript = "\"${PODS_ROOT}/Target Support Files/Pods-DiscoverPlaces-DiscoverPlacesUITests/Pods-DiscoverPlaces-DiscoverPlacesUITests-resources.sh\"\n";
			showEnvVarsInLog = 0;
		};
		F86B2FC4350A4BA4777C2F9F /* [CP] Embed Pods Frameworks */ = {
			isa = PBXShellScriptBuildPhase;
			buildActionMask = 2147483647;
			files = (
			);
			inputFileListPaths = (
				"${PODS_ROOT}/Target Support Files/Pods-DiscoverPlaces/Pods-DiscoverPlaces-frameworks-${CONFIGURATION}-input-files.xcfilelist",
			);
			name = "[CP] Embed Pods Frameworks";
			outputFileListPaths = (
				"${PODS_ROOT}/Target Support Files/Pods-DiscoverPlaces/Pods-DiscoverPlaces-frameworks-${CONFIGURATION}-output-files.xcfilelist",
			);
			runOnlyForDeploymentPostprocessing = 0;
			shellPath = /bin/sh;
			shellScript = "\"${PODS_ROOT}/Target Support Files/Pods-DiscoverPlaces/Pods-DiscoverPlaces-frameworks.sh\"\n";
			showEnvVarsInLog = 0;
		};
/* End PBXShellScriptBuildPhase section */

/* Begin PBXSourcesBuildPhase section */
		CE58359123DE16B000C89622 /* Sources */ = {
			isa = PBXSourcesBuildPhase;
			buildActionMask = 2147483647;
			files = (
				CE734D3123E0CB3C005AE0EB /* DiscoverCardsHolder.swift in Sources */,
				CE659A0B23EF882300E531CD /* PlaceImagesHolder.swift in Sources */,
				CE319CE523E10BE30088B9D1 /* NearbyHorizontalController.swift in Sources */,
				CE659A0923EF87E800E531CD /* CategoryCell.swift in Sources */,
				CE8A2FD323F08AA900CDF866 /* DetailsOpeningTimesCell.swift in Sources */,
				CE8A2FC923F088B800CDF866 /* MorePlacesHolder.swift in Sources */,
				CE319CDB23E0D8100088B9D1 /* DiscoverGroupHorizontalController.swift in Sources */,
				CE5835C923DE173800C89622 /* BaseTabBarController.swift in Sources */,
				CE7B98E123E84EAE00CF90F6 /* SelectedCategoresHorizontalController.swift in Sources */,
				CEEB4D5A23E84978006D79E6 /* HorizontalStackView.swift in Sources */,
				CE6599FF23EF872900E531CD /* HomeLargeCellHolder.swift in Sources */,
				CE319CE323E10A410088B9D1 /* NearbyHeaderCell.swift in Sources */,
				CE8A2FD523F1CE0800CDF866 /* DetailsTopSectionCellXib.swift in Sources */,
				CE659A0323EF876600E531CD /* HomeLargeCell.swift in Sources */,
				CE4883FC23E23C4500DDE5A3 /* PlaceInfoController.swift in Sources */,
				CE5835D423DEB7C500C89622 /* SearchCell.swift in Sources */,
				CE5835DF23E0C2C500C89622 /* DiscoverController.swift in Sources */,
				CE5835CC23DE1F5E00C89622 /* SearchController.swift in Sources */,
				CE7B98DF23E84DDD00CF90F6 /* SelectedCategoriesHolder.swift in Sources */,
				CE6F17FD23F66E73003D8D89 /* PlaceAddressCell.swift in Sources */,
				CE659A1123EF897000E531CD /* PlaceDetailsCell.swift in Sources */,
				CE58359D23DE16B000C89622 /* ViewController.swift in Sources */,
				CE659A0D23EF884700E531CD /* ImagesHorizontalController.swift in Sources */,
				CEEB4D5B23E84978006D79E6 /* Spacing.swift in Sources */,
				CE6599F023EA692500E531CD /* HomeController.swift in Sources */,
				CE6599ED23EA68D100E531CD /* VerticalStackview.swift in Sources */,
				CE5835CE23DE204B00C89622 /* BaseCollectionViewController.swift in Sources */,
				CE659A0723EF87C100E531CD /* CategoriesHorizontalController.swift in Sources */,
				CE5835DD23DF62CE00C89622 /* UrlBuilder.swift in Sources */,
				CE8A2FCD23F0890100CDF866 /* MorePlacesCell.swift in Sources */,
				CEEB4D5C23E84978006D79E6 /* HorizontalSnappingController.swift in Sources */,
				CE8A2FD123F08A7C00CDF866 /* DetailsButtonsCell.swift in Sources */,
				CE58359923DE16B000C89622 /* AppDelegate.swift in Sources */,
				CE319CDF23E0EE910088B9D1 /* DiscoverCardCell.swift in Sources */,
				CE319CDD23E0ECBD0088B9D1 /* UIElementsExtensions.swift in Sources */,
				CE6599F223EC96A200E531CD /* PlaceDetailsController.swift in Sources */,
				CE659A0F23EF888900E531CD /* ImageCell.swift in Sources */,
				CE8A2FCB23F088D200CDF866 /* MorePlacesHorizontalController.swift in Sources */,
				CE659A0523EF87A200E531CD /* CategoriesHolder.swift in Sources */,
				CE659A0123EF874C00E531CD /* HomeLargeCellsHorizontalController.swift in Sources */,
				CE5835D123DE224C00C89622 /* UIView+Layout.swift in Sources */,
				CE15104423E21F4E00A88220 /* PlaceDetailController.swift in Sources */,
				CE319CE723E15E1E0088B9D1 /* Constants.swift in Sources */,
				CE8A2FCF23F08A0E00CDF866 /* DetailsTopSectionCell.swift in Sources */,
				CE5835DB23DF1B7A00C89622 /* Service.swift in Sources */,
				CE319CE123E10A350088B9D1 /* NearbyHolder.swift in Sources */,
				CE5835D823DF145900C89622 /* SearchResponse.swift in Sources */,
				CE58359B23DE16B000C89622 /* SceneDelegate.swift in Sources */,
				CE15104723E23A0E00A88220 /* PlaceImageController.swift in Sources */,
			);
			runOnlyForDeploymentPostprocessing = 0;
		};
		CE5835A723DE16B600C89622 /* Sources */ = {
			isa = PBXSourcesBuildPhase;
			buildActionMask = 2147483647;
			files = (
				CE5835B023DE16B600C89622 /* DiscoverPlacesTests.swift in Sources */,
			);
			runOnlyForDeploymentPostprocessing = 0;
		};
		CE5835B223DE16B700C89622 /* Sources */ = {
			isa = PBXSourcesBuildPhase;
			buildActionMask = 2147483647;
			files = (
				CE5835BB23DE16B700C89622 /* DiscoverPlacesUITests.swift in Sources */,
			);
			runOnlyForDeploymentPostprocessing = 0;
		};
/* End PBXSourcesBuildPhase section */

/* Begin PBXTargetDependency section */
		CE5835AD23DE16B600C89622 /* PBXTargetDependency */ = {
			isa = PBXTargetDependency;
			target = CE58359423DE16B000C89622 /* DiscoverPlaces */;
			targetProxy = CE5835AC23DE16B600C89622 /* PBXContainerItemProxy */;
		};
		CE5835B823DE16B700C89622 /* PBXTargetDependency */ = {
			isa = PBXTargetDependency;
			target = CE58359423DE16B000C89622 /* DiscoverPlaces */;
			targetProxy = CE5835B723DE16B700C89622 /* PBXContainerItemProxy */;
		};
/* End PBXTargetDependency section */

/* Begin PBXVariantGroup section */
		CE58359E23DE16B000C89622 /* Main.storyboard */ = {
			isa = PBXVariantGroup;
			children = (
				CE58359F23DE16B000C89622 /* Base */,
			);
			name = Main.storyboard;
			sourceTree = "<group>";
		};
		CE5835A323DE16B600C89622 /* LaunchScreen.storyboard */ = {
			isa = PBXVariantGroup;
			children = (
				CE5835A423DE16B600C89622 /* Base */,
			);
			name = LaunchScreen.storyboard;
			sourceTree = "<group>";
		};
/* End PBXVariantGroup section */

/* Begin XCBuildConfiguration section */
		CE5835BD23DE16B700C89622 /* Debug */ = {
			isa = XCBuildConfiguration;
			buildSettings = {
				ALWAYS_SEARCH_USER_PATHS = NO;
				CLANG_ANALYZER_NONNULL = YES;
				CLANG_ANALYZER_NUMBER_OBJECT_CONVERSION = YES_AGGRESSIVE;
				CLANG_CXX_LANGUAGE_STANDARD = "gnu++14";
				CLANG_CXX_LIBRARY = "libc++";
				CLANG_ENABLE_MODULES = YES;
				CLANG_ENABLE_OBJC_ARC = YES;
				CLANG_ENABLE_OBJC_WEAK = YES;
				CLANG_WARN_BLOCK_CAPTURE_AUTORELEASING = YES;
				CLANG_WARN_BOOL_CONVERSION = YES;
				CLANG_WARN_COMMA = YES;
				CLANG_WARN_CONSTANT_CONVERSION = YES;
				CLANG_WARN_DEPRECATED_OBJC_IMPLEMENTATIONS = YES;
				CLANG_WARN_DIRECT_OBJC_ISA_USAGE = YES_ERROR;
				CLANG_WARN_DOCUMENTATION_COMMENTS = YES;
				CLANG_WARN_EMPTY_BODY = YES;
				CLANG_WARN_ENUM_CONVERSION = YES;
				CLANG_WARN_INFINITE_RECURSION = YES;
				CLANG_WARN_INT_CONVERSION = YES;
				CLANG_WARN_NON_LITERAL_NULL_CONVERSION = YES;
				CLANG_WARN_OBJC_IMPLICIT_RETAIN_SELF = YES;
				CLANG_WARN_OBJC_LITERAL_CONVERSION = YES;
				CLANG_WARN_OBJC_ROOT_CLASS = YES_ERROR;
				CLANG_WARN_RANGE_LOOP_ANALYSIS = YES;
				CLANG_WARN_STRICT_PROTOTYPES = YES;
				CLANG_WARN_SUSPICIOUS_MOVE = YES;
				CLANG_WARN_UNGUARDED_AVAILABILITY = YES_AGGRESSIVE;
				CLANG_WARN_UNREACHABLE_CODE = YES;
				CLANG_WARN__DUPLICATE_METHOD_MATCH = YES;
				COPY_PHASE_STRIP = NO;
				DEBUG_INFORMATION_FORMAT = dwarf;
				ENABLE_STRICT_OBJC_MSGSEND = YES;
				ENABLE_TESTABILITY = YES;
				GCC_C_LANGUAGE_STANDARD = gnu11;
				GCC_DYNAMIC_NO_PIC = NO;
				GCC_NO_COMMON_BLOCKS = YES;
				GCC_OPTIMIZATION_LEVEL = 0;
				GCC_PREPROCESSOR_DEFINITIONS = (
					"DEBUG=1",
					"$(inherited)",
				);
				GCC_WARN_64_TO_32_BIT_CONVERSION = YES;
				GCC_WARN_ABOUT_RETURN_TYPE = YES_ERROR;
				GCC_WARN_UNDECLARED_SELECTOR = YES;
				GCC_WARN_UNINITIALIZED_AUTOS = YES_AGGRESSIVE;
				GCC_WARN_UNUSED_FUNCTION = YES;
				GCC_WARN_UNUSED_VARIABLE = YES;
				IPHONEOS_DEPLOYMENT_TARGET = 13.2;
				MTL_ENABLE_DEBUG_INFO = INCLUDE_SOURCE;
				MTL_FAST_MATH = YES;
				ONLY_ACTIVE_ARCH = YES;
				SDKROOT = iphoneos;
				SWIFT_ACTIVE_COMPILATION_CONDITIONS = DEBUG;
				SWIFT_OPTIMIZATION_LEVEL = "-Onone";
			};
			name = Debug;
		};
		CE5835BE23DE16B700C89622 /* Release */ = {
			isa = XCBuildConfiguration;
			buildSettings = {
				ALWAYS_SEARCH_USER_PATHS = NO;
				CLANG_ANALYZER_NONNULL = YES;
				CLANG_ANALYZER_NUMBER_OBJECT_CONVERSION = YES_AGGRESSIVE;
				CLANG_CXX_LANGUAGE_STANDARD = "gnu++14";
				CLANG_CXX_LIBRARY = "libc++";
				CLANG_ENABLE_MODULES = YES;
				CLANG_ENABLE_OBJC_ARC = YES;
				CLANG_ENABLE_OBJC_WEAK = YES;
				CLANG_WARN_BLOCK_CAPTURE_AUTORELEASING = YES;
				CLANG_WARN_BOOL_CONVERSION = YES;
				CLANG_WARN_COMMA = YES;
				CLANG_WARN_CONSTANT_CONVERSION = YES;
				CLANG_WARN_DEPRECATED_OBJC_IMPLEMENTATIONS = YES;
				CLANG_WARN_DIRECT_OBJC_ISA_USAGE = YES_ERROR;
				CLANG_WARN_DOCUMENTATION_COMMENTS = YES;
				CLANG_WARN_EMPTY_BODY = YES;
				CLANG_WARN_ENUM_CONVERSION = YES;
				CLANG_WARN_INFINITE_RECURSION = YES;
				CLANG_WARN_INT_CONVERSION = YES;
				CLANG_WARN_NON_LITERAL_NULL_CONVERSION = YES;
				CLANG_WARN_OBJC_IMPLICIT_RETAIN_SELF = YES;
				CLANG_WARN_OBJC_LITERAL_CONVERSION = YES;
				CLANG_WARN_OBJC_ROOT_CLASS = YES_ERROR;
				CLANG_WARN_RANGE_LOOP_ANALYSIS = YES;
				CLANG_WARN_STRICT_PROTOTYPES = YES;
				CLANG_WARN_SUSPICIOUS_MOVE = YES;
				CLANG_WARN_UNGUARDED_AVAILABILITY = YES_AGGRESSIVE;
				CLANG_WARN_UNREACHABLE_CODE = YES;
				CLANG_WARN__DUPLICATE_METHOD_MATCH = YES;
				COPY_PHASE_STRIP = NO;
				DEBUG_INFORMATION_FORMAT = "dwarf-with-dsym";
				ENABLE_NS_ASSERTIONS = NO;
				ENABLE_STRICT_OBJC_MSGSEND = YES;
				GCC_C_LANGUAGE_STANDARD = gnu11;
				GCC_NO_COMMON_BLOCKS = YES;
				GCC_WARN_64_TO_32_BIT_CONVERSION = YES;
				GCC_WARN_ABOUT_RETURN_TYPE = YES_ERROR;
				GCC_WARN_UNDECLARED_SELECTOR = YES;
				GCC_WARN_UNINITIALIZED_AUTOS = YES_AGGRESSIVE;
				GCC_WARN_UNUSED_FUNCTION = YES;
				GCC_WARN_UNUSED_VARIABLE = YES;
				IPHONEOS_DEPLOYMENT_TARGET = 13.2;
				MTL_ENABLE_DEBUG_INFO = NO;
				MTL_FAST_MATH = YES;
				SDKROOT = iphoneos;
				SWIFT_COMPILATION_MODE = wholemodule;
				SWIFT_OPTIMIZATION_LEVEL = "-O";
				VALIDATE_PRODUCT = YES;
			};
			name = Release;
		};
		CE5835C023DE16B700C89622 /* Debug */ = {
			isa = XCBuildConfiguration;
			baseConfigurationReference = 8B6B6E0A619307781EE1292A /* Pods-DiscoverPlaces.debug.xcconfig */;
			buildSettings = {
				ASSETCATALOG_COMPILER_APPICON_NAME = AppIcon;
				CODE_SIGN_STYLE = Automatic;
				DEVELOPMENT_TEAM = Q8ZFPZCMA7;
				INFOPLIST_FILE = DiscoverPlaces/Info.plist;
				LD_RUNPATH_SEARCH_PATHS = (
					"$(inherited)",
					"@executable_path/Frameworks",
				);
				PRODUCT_BUNDLE_IDENTIFIER = com.AHApps.DiscoverPlaces;
				PRODUCT_NAME = "$(TARGET_NAME)";
				SWIFT_VERSION = 5.0;
				TARGETED_DEVICE_FAMILY = "1,2";
			};
			name = Debug;
		};
		CE5835C123DE16B700C89622 /* Release */ = {
			isa = XCBuildConfiguration;
			baseConfigurationReference = 0B256CCFA21FBF14569D1FAD /* Pods-DiscoverPlaces.release.xcconfig */;
			buildSettings = {
				ASSETCATALOG_COMPILER_APPICON_NAME = AppIcon;
				CODE_SIGN_STYLE = Automatic;
				DEVELOPMENT_TEAM = Q8ZFPZCMA7;
				INFOPLIST_FILE = DiscoverPlaces/Info.plist;
				LD_RUNPATH_SEARCH_PATHS = (
					"$(inherited)",
					"@executable_path/Frameworks",
				);
				PRODUCT_BUNDLE_IDENTIFIER = com.AHApps.DiscoverPlaces;
				PRODUCT_NAME = "$(TARGET_NAME)";
				SWIFT_VERSION = 5.0;
				TARGETED_DEVICE_FAMILY = "1,2";
			};
			name = Release;
		};
		CE5835C323DE16B700C89622 /* Debug */ = {
			isa = XCBuildConfiguration;
			baseConfigurationReference = E91D16AD38E8F14B874FD126 /* Pods-DiscoverPlacesTests.debug.xcconfig */;
			buildSettings = {
				ALWAYS_EMBED_SWIFT_STANDARD_LIBRARIES = YES;
				BUNDLE_LOADER = "$(TEST_HOST)";
				CODE_SIGN_STYLE = Automatic;
				DEVELOPMENT_TEAM = Q8ZFPZCMA7;
				INFOPLIST_FILE = DiscoverPlacesTests/Info.plist;
				IPHONEOS_DEPLOYMENT_TARGET = 13.2;
				LD_RUNPATH_SEARCH_PATHS = (
					"$(inherited)",
					"@executable_path/Frameworks",
					"@loader_path/Frameworks",
				);
				PRODUCT_BUNDLE_IDENTIFIER = com.AHApps.DiscoverPlacesTests;
				PRODUCT_NAME = "$(TARGET_NAME)";
				SWIFT_VERSION = 5.0;
				TARGETED_DEVICE_FAMILY = "1,2";
				TEST_HOST = "$(BUILT_PRODUCTS_DIR)/DiscoverPlaces.app/DiscoverPlaces";
			};
			name = Debug;
		};
		CE5835C423DE16B700C89622 /* Release */ = {
			isa = XCBuildConfiguration;
			baseConfigurationReference = EFEF8AED997C27748E07F24F /* Pods-DiscoverPlacesTests.release.xcconfig */;
			buildSettings = {
				ALWAYS_EMBED_SWIFT_STANDARD_LIBRARIES = YES;
				BUNDLE_LOADER = "$(TEST_HOST)";
				CODE_SIGN_STYLE = Automatic;
				DEVELOPMENT_TEAM = Q8ZFPZCMA7;
				INFOPLIST_FILE = DiscoverPlacesTests/Info.plist;
				IPHONEOS_DEPLOYMENT_TARGET = 13.2;
				LD_RUNPATH_SEARCH_PATHS = (
					"$(inherited)",
					"@executable_path/Frameworks",
					"@loader_path/Frameworks",
				);
				PRODUCT_BUNDLE_IDENTIFIER = com.AHApps.DiscoverPlacesTests;
				PRODUCT_NAME = "$(TARGET_NAME)";
				SWIFT_VERSION = 5.0;
				TARGETED_DEVICE_FAMILY = "1,2";
				TEST_HOST = "$(BUILT_PRODUCTS_DIR)/DiscoverPlaces.app/DiscoverPlaces";
			};
			name = Release;
		};
		CE5835C623DE16B700C89622 /* Debug */ = {
			isa = XCBuildConfiguration;
			baseConfigurationReference = 0A4AD2C848A97FBF278015A0 /* Pods-DiscoverPlaces-DiscoverPlacesUITests.debug.xcconfig */;
			buildSettings = {
				ALWAYS_EMBED_SWIFT_STANDARD_LIBRARIES = YES;
				CODE_SIGN_STYLE = Automatic;
				DEVELOPMENT_TEAM = Q8ZFPZCMA7;
				INFOPLIST_FILE = DiscoverPlacesUITests/Info.plist;
				LD_RUNPATH_SEARCH_PATHS = (
					"$(inherited)",
					"@executable_path/Frameworks",
					"@loader_path/Frameworks",
				);
				PRODUCT_BUNDLE_IDENTIFIER = com.AHApps.DiscoverPlacesUITests;
				PRODUCT_NAME = "$(TARGET_NAME)";
				SWIFT_VERSION = 5.0;
				TARGETED_DEVICE_FAMILY = "1,2";
				TEST_TARGET_NAME = DiscoverPlaces;
			};
			name = Debug;
		};
		CE5835C723DE16B700C89622 /* Release */ = {
			isa = XCBuildConfiguration;
			baseConfigurationReference = AECB8B9B789646550A651780 /* Pods-DiscoverPlaces-DiscoverPlacesUITests.release.xcconfig */;
			buildSettings = {
				ALWAYS_EMBED_SWIFT_STANDARD_LIBRARIES = YES;
				CODE_SIGN_STYLE = Automatic;
				DEVELOPMENT_TEAM = Q8ZFPZCMA7;
				INFOPLIST_FILE = DiscoverPlacesUITests/Info.plist;
				LD_RUNPATH_SEARCH_PATHS = (
					"$(inherited)",
					"@executable_path/Frameworks",
					"@loader_path/Frameworks",
				);
				PRODUCT_BUNDLE_IDENTIFIER = com.AHApps.DiscoverPlacesUITests;
				PRODUCT_NAME = "$(TARGET_NAME)";
				SWIFT_VERSION = 5.0;
				TARGETED_DEVICE_FAMILY = "1,2";
				TEST_TARGET_NAME = DiscoverPlaces;
			};
			name = Release;
		};
/* End XCBuildConfiguration section */

/* Begin XCConfigurationList section */
		CE58359023DE16B000C89622 /* Build configuration list for PBXProject "DiscoverPlaces" */ = {
			isa = XCConfigurationList;
			buildConfigurations = (
				CE5835BD23DE16B700C89622 /* Debug */,
				CE5835BE23DE16B700C89622 /* Release */,
			);
			defaultConfigurationIsVisible = 0;
			defaultConfigurationName = Release;
		};
		CE5835BF23DE16B700C89622 /* Build configuration list for PBXNativeTarget "DiscoverPlaces" */ = {
			isa = XCConfigurationList;
			buildConfigurations = (
				CE5835C023DE16B700C89622 /* Debug */,
				CE5835C123DE16B700C89622 /* Release */,
			);
			defaultConfigurationIsVisible = 0;
			defaultConfigurationName = Release;
		};
		CE5835C223DE16B700C89622 /* Build configuration list for PBXNativeTarget "DiscoverPlacesTests" */ = {
			isa = XCConfigurationList;
			buildConfigurations = (
				CE5835C323DE16B700C89622 /* Debug */,
				CE5835C423DE16B700C89622 /* Release */,
			);
			defaultConfigurationIsVisible = 0;
			defaultConfigurationName = Release;
		};
		CE5835C523DE16B700C89622 /* Build configuration list for PBXNativeTarget "DiscoverPlacesUITests" */ = {
			isa = XCConfigurationList;
			buildConfigurations = (
				CE5835C623DE16B700C89622 /* Debug */,
				CE5835C723DE16B700C89622 /* Release */,
			);
			defaultConfigurationIsVisible = 0;
			defaultConfigurationName = Release;
		};
/* End XCConfigurationList section */
	};
	rootObject = CE58358D23DE16B000C89622 /* Project object */;
}
